
Microsoft Visual Studio Solution File, Format Version 12.00
# Visual Studio Version 17
VisualStudioVersion = 17.10.35027.167
MinimumVisualStudioVersion = 10.0.40219.1
Project("{FAE04EC0-301F-11D3-BF4B-00C04F79EFBC}") = "GrupineUzduotisPostai.Core", "GrupineUzduotisPostai\GrupineUzduotisPostai.Core.csproj", "{A63FE4AA-ACAA-45E0-8370-148289C9E5D5}"
EndProject
Project("{FAE04EC0-301F-11D3-BF4B-00C04F79EFBC}") = "PostaiFrontEnd", "PostaiFrontEnd\PostaiFrontEnd.csproj", "{2ED9ED23-00A0-4A2D-886F-6C3623AC565B}"
EndProject
Project("{FAE04EC0-301F-11D3-BF4B-00C04F79EFBC}") = "PostaiAPI", "PostaiAPI\PostaiAPI.csproj", "{CED2D574-8D2B-43B7-85BD-5BD8690F1CF2}"
EndProject
Global
	GlobalSection(SolutionConfigurationPlatforms) = preSolution
		Debug|Any CPU = Debug|Any CPU
		Release|Any CPU = Release|Any CPU
	EndGlobalSection
	GlobalSection(ProjectConfigurationPlatforms) = postSolution
		{A63FE4AA-ACAA-45E0-8370-148289C9E5D5}.Debug|Any CPU.ActiveCfg = Debug|Any CPU
		{A63FE4AA-ACAA-45E0-8370-148289C9E5D5}.Debug|Any CPU.Build.0 = Debug|Any CPU
		{A63FE4AA-ACAA-45E0-8370-148289C9E5D5}.Release|Any CPU.ActiveCfg = Release|Any CPU
		{A63FE4AA-ACAA-45E0-8370-148289C9E5D5}.Release|Any CPU.Build.0 = Release|Any CPU
		{2ED9ED23-00A0-4A2D-886F-6C3623AC565B}.Debug|Any CPU.ActiveCfg = Debug|Any CPU
		{2ED9ED23-00A0-4A2D-886F-6C3623AC565B}.Debug|Any CPU.Build.0 = Debug|Any CPU
		{2ED9ED23-00A0-4A2D-886F-6C3623AC565B}.Release|Any CPU.ActiveCfg = Release|Any CPU
		{2ED9ED23-00A0-4A2D-886F-6C3623AC565B}.Release|Any CPU.Build.0 = Release|Any CPU
		{CED2D574-8D2B-43B7-85BD-5BD8690F1CF2}.Debug|Any CPU.ActiveCfg = Debug|Any CPU
		{CED2D574-8D2B-43B7-85BD-5BD8690F1CF2}.Debug|Any CPU.Build.0 = Debug|Any CPU
		{CED2D574-8D2B-43B7-85BD-5BD8690F1CF2}.Release|Any CPU.ActiveCfg = Release|Any CPU
		{CED2D574-8D2B-43B7-85BD-5BD8690F1CF2}.Release|Any CPU.Build.0 = Release|Any CPU
	EndGlobalSection
	GlobalSection(SolutionProperties) = preSolution
		HideSolutionNode = FALSE
	EndGlobalSection
	GlobalSection(ExtensibilityGlobals) = postSolution
		SolutionGuid = {6EF28607-5B68-4701-A07C-9FDA8CEBA470}
	EndGlobalSection
EndGlobal
